
Microsoft Visual Studio Solution File, Format Version 12.00
# Visual Studio Version 16
VisualStudioVersion = 16.0.30011.22
MinimumVisualStudioVersion = 10.0.40219.1
Project("{FAE04EC0-301F-11D3-BF4B-00C04F79EFBC}") = "PROJECTMATH", "PROJECTMATH\PROJECTMATH.csproj", "{BE7E7D07-40D5-4CD5-8E60-A7BEA3E93B81}"
EndProject
Global
	GlobalSection(SolutionConfigurationPlatforms) = preSolution
		Debug|Any CPU = Debug|Any CPU
		Release|Any CPU = Release|Any CPU
	EndGlobalSection
	GlobalSection(ProjectConfigurationPlatforms) = postSolution
		{BE7E7D07-40D5-4CD5-8E60-A7BEA3E93B81}.Debug|Any CPU.ActiveCfg = Debug|Any CPU
		{BE7E7D07-40D5-4CD5-8E60-A7BEA3E93B81}.Debug|Any CPU.Build.0 = Debug|Any CPU
		{BE7E7D07-40D5-4CD5-8E60-A7BEA3E93B81}.Release|Any CPU.ActiveCfg = Release|Any CPU
		{BE7E7D07-40D5-4CD5-8E60-A7BEA3E93B81}.Release|Any CPU.Build.0 = Release|Any CPU
	EndGlobalSection
	GlobalSection(SolutionProperties) = preSolution
		HideSolutionNode = FALSE
	EndGlobalSection
	GlobalSection(ExtensibilityGlobals) = postSolution
		SolutionGuid = {49F9FF78-5034-4B7F-B30A-7483E9C352F8}
	EndGlobalSection
EndGlobal
