
Microsoft Visual Studio Solution File, Format Version 12.00
# Visual Studio Version 16
VisualStudioVersion = 16.0.30114.105
MinimumVisualStudioVersion = 10.0.40219.1
Project("{FAE04EC0-301F-11D3-BF4B-00C04F79EFBC}") = "ConsoleApp2", "ConsoleApp2.csproj", "{840A7E84-AE33-4D95-A683-1A5FA1F60772}"
EndProject
Global
	GlobalSection(SolutionConfigurationPlatforms) = preSolution
		Debug|Any CPU = Debug|Any CPU
		Release|Any CPU = Release|Any CPU
	EndGlobalSection
	GlobalSection(ProjectConfigurationPlatforms) = postSolution
		{840A7E84-AE33-4D95-A683-1A5FA1F60772}.Debug|Any CPU.ActiveCfg = Debug|Any CPU
		{840A7E84-AE33-4D95-A683-1A5FA1F60772}.Debug|Any CPU.Build.0 = Debug|Any CPU
		{840A7E84-AE33-4D95-A683-1A5FA1F60772}.Release|Any CPU.ActiveCfg = Release|Any CPU
		{840A7E84-AE33-4D95-A683-1A5FA1F60772}.Release|Any CPU.Build.0 = Release|Any CPU
	EndGlobalSection
	GlobalSection(SolutionProperties) = preSolution
		HideSolutionNode = FALSE
	EndGlobalSection
	GlobalSection(ExtensibilityGlobals) = postSolution
		SolutionGuid = {0DF48C37-12FE-4D72-9DB8-C939B0F67405}
	EndGlobalSection
EndGlobal
