
Microsoft Visual Studio Solution File, Format Version 12.00
# Visual Studio Version 16
VisualStudioVersion = 16.0.30128.74
MinimumVisualStudioVersion = 10.0.40219.1
Project("{FAE04EC0-301F-11D3-BF4B-00C04F79EFBC}") = "Var assignment", "Var assignment\Var assignment.csproj", "{98E42D99-7905-4DED-A467-4CB9E5FBBEC8}"
EndProject
Global
	GlobalSection(SolutionConfigurationPlatforms) = preSolution
		Debug|Any CPU = Debug|Any CPU
		Release|Any CPU = Release|Any CPU
	EndGlobalSection
	GlobalSection(ProjectConfigurationPlatforms) = postSolution
		{98E42D99-7905-4DED-A467-4CB9E5FBBEC8}.Debug|Any CPU.ActiveCfg = Debug|Any CPU
		{98E42D99-7905-4DED-A467-4CB9E5FBBEC8}.Debug|Any CPU.Build.0 = Debug|Any CPU
		{98E42D99-7905-4DED-A467-4CB9E5FBBEC8}.Release|Any CPU.ActiveCfg = Release|Any CPU
		{98E42D99-7905-4DED-A467-4CB9E5FBBEC8}.Release|Any CPU.Build.0 = Release|Any CPU
	EndGlobalSection
	GlobalSection(SolutionProperties) = preSolution
		HideSolutionNode = FALSE
	EndGlobalSection
	GlobalSection(ExtensibilityGlobals) = postSolution
		SolutionGuid = {E0FBB45D-28E5-483B-9FFF-67C21DBF289D}
	EndGlobalSection
EndGlobal
