
Microsoft Visual Studio Solution File, Format Version 12.00
# Visual Studio Version 16
VisualStudioVersion = 16.0.30128.74
MinimumVisualStudioVersion = 10.0.40219.1
Project("{FAE04EC0-301F-11D3-BF4B-00C04F79EFBC}") = "Age Exception", "Age Exception\Age Exception.csproj", "{2B434476-B911-4E7B-A7C8-0A3133E01766}"
EndProject
Global
	GlobalSection(SolutionConfigurationPlatforms) = preSolution
		Debug|Any CPU = Debug|Any CPU
		Release|Any CPU = Release|Any CPU
	EndGlobalSection
	GlobalSection(ProjectConfigurationPlatforms) = postSolution
		{2B434476-B911-4E7B-A7C8-0A3133E01766}.Debug|Any CPU.ActiveCfg = Debug|Any CPU
		{2B434476-B911-4E7B-A7C8-0A3133E01766}.Debug|Any CPU.Build.0 = Debug|Any CPU
		{2B434476-B911-4E7B-A7C8-0A3133E01766}.Release|Any CPU.ActiveCfg = Release|Any CPU
		{2B434476-B911-4E7B-A7C8-0A3133E01766}.Release|Any CPU.Build.0 = Release|Any CPU
	EndGlobalSection
	GlobalSection(SolutionProperties) = preSolution
		HideSolutionNode = FALSE
	EndGlobalSection
	GlobalSection(ExtensibilityGlobals) = postSolution
		SolutionGuid = {F5B2DF6A-479E-42B7-AA54-ABB0B0E2DD27}
	EndGlobalSection
EndGlobal
