
Microsoft Visual Studio Solution File, Format Version 12.00
# Visual Studio Version 16
VisualStudioVersion = 16.0.30128.74
MinimumVisualStudioVersion = 10.0.40219.1
Project("{FAE04EC0-301F-11D3-BF4B-00C04F79EFBC}") = "Update PickMe", "Update PickMe\Update PickMe.csproj", "{F7095A9D-4A9F-439D-B737-C304D36AB1C4}"
EndProject
Global
	GlobalSection(SolutionConfigurationPlatforms) = preSolution
		Debug|Any CPU = Debug|Any CPU
		Release|Any CPU = Release|Any CPU
	EndGlobalSection
	GlobalSection(ProjectConfigurationPlatforms) = postSolution
		{F7095A9D-4A9F-439D-B737-C304D36AB1C4}.Debug|Any CPU.ActiveCfg = Debug|Any CPU
		{F7095A9D-4A9F-439D-B737-C304D36AB1C4}.Debug|Any CPU.Build.0 = Debug|Any CPU
		{F7095A9D-4A9F-439D-B737-C304D36AB1C4}.Release|Any CPU.ActiveCfg = Release|Any CPU
		{F7095A9D-4A9F-439D-B737-C304D36AB1C4}.Release|Any CPU.Build.0 = Release|Any CPU
	EndGlobalSection
	GlobalSection(SolutionProperties) = preSolution
		HideSolutionNode = FALSE
	EndGlobalSection
	GlobalSection(ExtensibilityGlobals) = postSolution
		SolutionGuid = {CB2AFE21-913D-4CE6-8500-C4484A99136E}
	EndGlobalSection
EndGlobal
